// !$*UTF8*$!
{
	archiveVersion = 1;
	classes = {
	};
	objectVersion = 56;
	objects = {

/* Begin PBXBuildFile section */
		BF0676AA296C7AF4004D1186 /* MainContestCollectionViewCell.swift in Sources */ = {isa = PBXBuildFile; fileRef = BF0676A9296C7AF4004D1186 /* MainContestCollectionViewCell.swift */; };
		BF436310296C535800AA20FF /* AppDelegate.swift in Sources */ = {isa = PBXBuildFile; fileRef = BF43630F296C535800AA20FF /* AppDelegate.swift */; };
		BF436312296C535800AA20FF /* SceneDelegate.swift in Sources */ = {isa = PBXBuildFile; fileRef = BF436311296C535800AA20FF /* SceneDelegate.swift */; };
		BF436314296C535800AA20FF /* ViewController.swift in Sources */ = {isa = PBXBuildFile; fileRef = BF436313296C535800AA20FF /* ViewController.swift */; };
		BF436317296C535800AA20FF /* Main.storyboard in Resources */ = {isa = PBXBuildFile; fileRef = BF436315296C535800AA20FF /* Main.storyboard */; };
		BF436319296C535A00AA20FF /* Assets.xcassets in Resources */ = {isa = PBXBuildFile; fileRef = BF436318296C535A00AA20FF /* Assets.xcassets */; };
		BF43631C296C535A00AA20FF /* LaunchScreen.storyboard in Resources */ = {isa = PBXBuildFile; fileRef = BF43631A296C535A00AA20FF /* LaunchScreen.storyboard */; };
		BF436324296C6A1900AA20FF /* Model.swift in Sources */ = {isa = PBXBuildFile; fileRef = BF436323296C6A1900AA20FF /* Model.swift */; };
		BF436326296C6B3500AA20FF /* MainContestTableViewCell.swift in Sources */ = {isa = PBXBuildFile; fileRef = BF436325296C6B3500AA20FF /* MainContestTableViewCell.swift */; };
		BF595F9D29784F84002B613A /* ContestDetail.swift in Sources */ = {isa = PBXBuildFile; fileRef = BF595F9C29784F84002B613A /* ContestDetail.swift */; };
		BF9F31B2297671EB00AAACB0 /* Storyboard.storyboard in Resources */ = {isa = PBXBuildFile; fileRef = BF9F31B1297671EB00AAACB0 /* Storyboard.storyboard */; };
		BF9F31B4297671FE00AAACB0 /* StoryBoardViewController.swift in Sources */ = {isa = PBXBuildFile; fileRef = BF9F31B3297671FE00AAACB0 /* StoryBoardViewController.swift */; };
		BFADBE1129782EB50087FCC7 /* ContestMainViewController.swift in Sources */ = {isa = PBXBuildFile; fileRef = BFADBE1029782EB50087FCC7 /* ContestMainViewController.swift */; };
		BFCE93C129784AD200F9C31B /* ContestDetailTableViewCell.xib in Resources */ = {isa = PBXBuildFile; fileRef = BFCE93C029784AD200F9C31B /* ContestDetailTableViewCell.xib */; };
		BFCE93C329784AEF00F9C31B /* ContestDetailTableViewCell.swift in Sources */ = {isa = PBXBuildFile; fileRef = BFCE93C229784AEF00F9C31B /* ContestDetailTableViewCell.swift */; };
		BFCE93C529784B0200F9C31B /* ContestDetailCollectionViewCell.xib in Resources */ = {isa = PBXBuildFile; fileRef = BFCE93C429784B0200F9C31B /* ContestDetailCollectionViewCell.xib */; };
		BFCE93C729784B1C00F9C31B /* ContestDetailCollectionViewCell.swift in Sources */ = {isa = PBXBuildFile; fileRef = BFCE93C629784B1C00F9C31B /* ContestDetailCollectionViewCell.swift */; };
		BFDDB808296C7B6F00CEE0A5 /* MainContestTableViewCell.xib in Resources */ = {isa = PBXBuildFile; fileRef = BFDDB807296C7B6F00CEE0A5 /* MainContestTableViewCell.xib */; };
		BFDDB80A296C7D2900CEE0A5 /* MainContestCollectionViewCell.xib in Resources */ = {isa = PBXBuildFile; fileRef = BFDDB809296C7D2900CEE0A5 /* MainContestCollectionViewCell.xib */; };
/* End PBXBuildFile section */

/* Begin PBXFileReference section */
		BF0676A9296C7AF4004D1186 /* MainContestCollectionViewCell.swift */ = {isa = PBXFileReference; lastKnownFileType = sourcecode.swift; path = MainContestCollectionViewCell.swift; sourceTree = "<group>"; };
		BF43630C296C535800AA20FF /* ClubRoom.app */ = {isa = PBXFileReference; explicitFileType = wrapper.application; includeInIndex = 0; path = ClubRoom.app; sourceTree = BUILT_PRODUCTS_DIR; };
		BF43630F296C535800AA20FF /* AppDelegate.swift */ = {isa = PBXFileReference; lastKnownFileType = sourcecode.swift; path = AppDelegate.swift; sourceTree = "<group>"; };
		BF436311296C535800AA20FF /* SceneDelegate.swift */ = {isa = PBXFileReference; lastKnownFileType = sourcecode.swift; path = SceneDelegate.swift; sourceTree = "<group>"; };
		BF436313296C535800AA20FF /* ViewController.swift */ = {isa = PBXFileReference; lastKnownFileType = sourcecode.swift; path = ViewController.swift; sourceTree = "<group>"; };
		BF436316296C535800AA20FF /* Base */ = {isa = PBXFileReference; lastKnownFileType = file.storyboard; name = Base; path = Base.lproj/Main.storyboard; sourceTree = "<group>"; };
		BF436318296C535A00AA20FF /* Assets.xcassets */ = {isa = PBXFileReference; lastKnownFileType = folder.assetcatalog; path = Assets.xcassets; sourceTree = "<group>"; };
		BF43631B296C535A00AA20FF /* Base */ = {isa = PBXFileReference; lastKnownFileType = file.storyboard; name = Base; path = Base.lproj/LaunchScreen.storyboard; sourceTree = "<group>"; };
		BF43631D296C535A00AA20FF /* Info.plist */ = {isa = PBXFileReference; lastKnownFileType = text.plist.xml; path = Info.plist; sourceTree = "<group>"; };
		BF436323296C6A1900AA20FF /* Model.swift */ = {isa = PBXFileReference; lastKnownFileType = sourcecode.swift; path = Model.swift; sourceTree = "<group>"; };
		BF436325296C6B3500AA20FF /* MainContestTableViewCell.swift */ = {isa = PBXFileReference; lastKnownFileType = sourcecode.swift; path = MainContestTableViewCell.swift; sourceTree = "<group>"; };
		BF595F9C29784F84002B613A /* ContestDetail.swift */ = {isa = PBXFileReference; lastKnownFileType = sourcecode.swift; path = ContestDetail.swift; sourceTree = "<group>"; };
		BF9F31B1297671EB00AAACB0 /* Storyboard.storyboard */ = {isa = PBXFileReference; lastKnownFileType = file.storyboard; path = Storyboard.storyboard; sourceTree = "<group>"; };
		BF9F31B3297671FE00AAACB0 /* StoryBoardViewController.swift */ = {isa = PBXFileReference; lastKnownFileType = sourcecode.swift; path = StoryBoardViewController.swift; sourceTree = "<group>"; };
		BFADBE1029782EB50087FCC7 /* ContestMainViewController.swift */ = {isa = PBXFileReference; lastKnownFileType = sourcecode.swift; path = ContestMainViewController.swift; sourceTree = "<group>"; };
		BFCE93C029784AD200F9C31B /* ContestDetailTableViewCell.xib */ = {isa = PBXFileReference; lastKnownFileType = file.xib; path = ContestDetailTableViewCell.xib; sourceTree = "<group>"; };
		BFCE93C229784AEF00F9C31B /* ContestDetailTableViewCell.swift */ = {isa = PBXFileReference; lastKnownFileType = sourcecode.swift; path = ContestDetailTableViewCell.swift; sourceTree = "<group>"; };
		BFCE93C429784B0200F9C31B /* ContestDetailCollectionViewCell.xib */ = {isa = PBXFileReference; lastKnownFileType = file.xib; path = ContestDetailCollectionViewCell.xib; sourceTree = "<group>"; };
		BFCE93C629784B1C00F9C31B /* ContestDetailCollectionViewCell.swift */ = {isa = PBXFileReference; lastKnownFileType = sourcecode.swift; path = ContestDetailCollectionViewCell.swift; sourceTree = "<group>"; };
		BFDDB807296C7B6F00CEE0A5 /* MainContestTableViewCell.xib */ = {isa = PBXFileReference; lastKnownFileType = file.xib; path = MainContestTableViewCell.xib; sourceTree = "<group>"; };
		BFDDB809296C7D2900CEE0A5 /* MainContestCollectionViewCell.xib */ = {isa = PBXFileReference; lastKnownFileType = file.xib; path = MainContestCollectionViewCell.xib; sourceTree = "<group>"; };
/* End PBXFileReference section */

/* Begin PBXFrameworksBuildPhase section */
		BF436309296C535800AA20FF /* Frameworks */ = {
			isa = PBXFrameworksBuildPhase;
			buildActionMask = 2147483647;
			files = (
			);
			runOnlyForDeploymentPostprocessing = 0;
		};
/* End PBXFrameworksBuildPhase section */

/* Begin PBXGroup section */
		BF0676A8296C7713004D1186 /* Model */ = {
			isa = PBXGroup;
			children = (
				BF436323296C6A1900AA20FF /* Model.swift */,
				BF595F9C29784F84002B613A /* ContestDetail.swift */,
			);
			path = Model;
			sourceTree = "<group>";
		};
		BF0676AB296C7AFB004D1186 /* MainCollectionView */ = {
			isa = PBXGroup;
			children = (
				BF0676A9296C7AF4004D1186 /* MainContestCollectionViewCell.swift */,
				BFDDB809296C7D2900CEE0A5 /* MainContestCollectionViewCell.xib */,
			);
			path = MainCollectionView;
			sourceTree = "<group>";
		};
		BF163283297836F400CD9F84 /* Contest */ = {
			isa = PBXGroup;
			children = (
				BFADBE1029782EB50087FCC7 /* ContestMainViewController.swift */,
				BFCE93CA29784B4800F9C31B /* ContestDetail */,
			);
			path = Contest;
			sourceTree = "<group>";
		};
		BF436303296C535800AA20FF = {
			isa = PBXGroup;
			children = (
				BF43630E296C535800AA20FF /* ClubRoom */,
				BF43630D296C535800AA20FF /* Products */,
			);
			sourceTree = "<group>";
		};
		BF43630D296C535800AA20FF /* Products */ = {
			isa = PBXGroup;
			children = (
				BF43630C296C535800AA20FF /* ClubRoom.app */,
			);
			name = Products;
			sourceTree = "<group>";
		};
		BF43630E296C535800AA20FF /* ClubRoom */ = {
			isa = PBXGroup;
			children = (
				BF43630F296C535800AA20FF /* AppDelegate.swift */,
				BF436311296C535800AA20FF /* SceneDelegate.swift */,
				BF436313296C535800AA20FF /* ViewController.swift */,
				BF436315296C535800AA20FF /* Main.storyboard */,
				BF436318296C535A00AA20FF /* Assets.xcassets */,
				BF43631A296C535A00AA20FF /* LaunchScreen.storyboard */,
				BF43631D296C535A00AA20FF /* Info.plist */,
				BF9F31B52976721300AAACB0 /* jiwonn */,
				BF9F31AF2976717400AAACB0 /* hayeong */,
			);
			path = ClubRoom;
			sourceTree = "<group>";
		};
		BF436329296C6C6400AA20FF /* MainTableView */ = {
			isa = PBXGroup;
			children = (
				BF436325296C6B3500AA20FF /* MainContestTableViewCell.swift */,
				BFDDB807296C7B6F00CEE0A5 /* MainContestTableViewCell.xib */,
			);
			path = MainTableView;
			sourceTree = "<group>";
		};
		BF7DB82A296DB024005D187F /* Main */ = {
			isa = PBXGroup;
			children = (
				BF436329296C6C6400AA20FF /* MainTableView */,
				BF0676AB296C7AFB004D1186 /* MainCollectionView */,
			);
			path = Main;
			sourceTree = "<group>";
		};
		BF9F31AF2976717400AAACB0 /* hayeong */ = {
			isa = PBXGroup;
			children = (
				BF0676A8296C7713004D1186 /* Model */,
				BF7DB82A296DB024005D187F /* Main */,
				BF163283297836F400CD9F84 /* Contest */,
			);
			path = hayeong;
			sourceTree = "<group>";
		};
		BF9F31B52976721300AAACB0 /* jiwonn */ = {
			isa = PBXGroup;
			children = (
				BF9F31B1297671EB00AAACB0 /* Storyboard.storyboard */,
				BF9F31B3297671FE00AAACB0 /* StoryBoardViewController.swift */,
			);
			path = jiwonn;
			sourceTree = "<group>";
		};
		BFCE93C829784B2800F9C31B /* ContestDetailTableView */ = {
			isa = PBXGroup;
			children = (
				BFCE93C029784AD200F9C31B /* ContestDetailTableViewCell.xib */,
				BFCE93C229784AEF00F9C31B /* ContestDetailTableViewCell.swift */,
			);
			path = ContestDetailTableView;
			sourceTree = "<group>";
		};
		BFCE93C929784B3300F9C31B /* ContestDetailCollectionView */ = {
			isa = PBXGroup;
			children = (
				BFCE93C429784B0200F9C31B /* ContestDetailCollectionViewCell.xib */,
				BFCE93C629784B1C00F9C31B /* ContestDetailCollectionViewCell.swift */,
			);
			path = ContestDetailCollectionView;
			sourceTree = "<group>";
		};
		BFCE93CA29784B4800F9C31B /* ContestDetail */ = {
			isa = PBXGroup;
			children = (
				BFCE93C829784B2800F9C31B /* ContestDetailTableView */,
				BFCE93C929784B3300F9C31B /* ContestDetailCollectionView */,
			);
			path = ContestDetail;
			sourceTree = "<group>";
		};
/* End PBXGroup section */

/* Begin PBXNativeTarget section */
		BF43630B296C535800AA20FF /* ClubRoom */ = {
			isa = PBXNativeTarget;
			buildConfigurationList = BF436320296C535A00AA20FF /* Build configuration list for PBXNativeTarget "ClubRoom" */;
			buildPhases = (
				BF436308296C535800AA20FF /* Sources */,
				BF436309296C535800AA20FF /* Frameworks */,
				BF43630A296C535800AA20FF /* Resources */,
			);
			buildRules = (
			);
			dependencies = (
			);
			name = ClubRoom;
			productName = ClubRoom;
			productReference = BF43630C296C535800AA20FF /* ClubRoom.app */;
			productType = "com.apple.product-type.application";
		};
/* End PBXNativeTarget section */

/* Begin PBXProject section */
		BF436304296C535800AA20FF /* Project object */ = {
			isa = PBXProject;
			attributes = {
				BuildIndependentTargetsInParallel = 1;
				LastSwiftUpdateCheck = 1420;
				LastUpgradeCheck = 1420;
				TargetAttributes = {
					BF43630B296C535800AA20FF = {
						CreatedOnToolsVersion = 14.2;
					};
				};
			};
			buildConfigurationList = BF436307296C535800AA20FF /* Build configuration list for PBXProject "ClubRoom" */;
			compatibilityVersion = "Xcode 14.0";
			developmentRegion = en;
			hasScannedForEncodings = 0;
			knownRegions = (
				en,
				Base,
			);
			mainGroup = BF436303296C535800AA20FF;
			productRefGroup = BF43630D296C535800AA20FF /* Products */;
			projectDirPath = "";
			projectRoot = "";
			targets = (
				BF43630B296C535800AA20FF /* ClubRoom */,
			);
		};
/* End PBXProject section */

/* Begin PBXResourcesBuildPhase section */
		BF43630A296C535800AA20FF /* Resources */ = {
			isa = PBXResourcesBuildPhase;
			buildActionMask = 2147483647;
			files = (
				BF43631C296C535A00AA20FF /* LaunchScreen.storyboard in Resources */,
				BFDDB808296C7B6F00CEE0A5 /* MainContestTableViewCell.xib in Resources */,
				BFCE93C129784AD200F9C31B /* ContestDetailTableViewCell.xib in Resources */,
				BFDDB80A296C7D2900CEE0A5 /* MainContestCollectionViewCell.xib in Resources */,
				BF436319296C535A00AA20FF /* Assets.xcassets in Resources */,
				BF436317296C535800AA20FF /* Main.storyboard in Resources */,
				BFCE93C529784B0200F9C31B /* ContestDetailCollectionViewCell.xib in Resources */,
				BF9F31B2297671EB00AAACB0 /* Storyboard.storyboard in Resources */,
			);
			runOnlyForDeploymentPostprocessing = 0;
		};
/* End PBXResourcesBuildPhase section */

/* Begin PBXSourcesBuildPhase section */
		BF436308296C535800AA20FF /* Sources */ = {
			isa = PBXSourcesBuildPhase;
			buildActionMask = 2147483647;
			files = (
				BF436314296C535800AA20FF /* ViewController.swift in Sources */,
				BF0676AA296C7AF4004D1186 /* MainContestCollectionViewCell.swift in Sources */,
				BF436310296C535800AA20FF /* AppDelegate.swift in Sources */,
				BFCE93C329784AEF00F9C31B /* ContestDetailTableViewCell.swift in Sources */,
				BF436312296C535800AA20FF /* SceneDelegate.swift in Sources */,
				BF595F9D29784F84002B613A /* ContestDetail.swift in Sources */,
				BF9F31B4297671FE00AAACB0 /* StoryBoardViewController.swift in Sources */,
				BFCE93C729784B1C00F9C31B /* ContestDetailCollectionViewCell.swift in Sources */,
				BF436326296C6B3500AA20FF /* MainContestTableViewCell.swift in Sources */,
				BFADBE1129782EB50087FCC7 /* ContestMainViewController.swift in Sources */,
				BF436324296C6A1900AA20FF /* Model.swift in Sources */,
			);
			runOnlyForDeploymentPostprocessing = 0;
		};
/* End PBXSourcesBuildPhase section */

/* Begin PBXVariantGroup section */
		BF436315296C535800AA20FF /* Main.storyboard */ = {
			isa = PBXVariantGroup;
			children = (
				BF436316296C535800AA20FF /* Base */,
			);
			name = Main.storyboard;
			sourceTree = "<group>";
		};
		BF43631A296C535A00AA20FF /* LaunchScreen.storyboard */ = {
			isa = PBXVariantGroup;
			children = (
				BF43631B296C535A00AA20FF /* Base */,
			);
			name = LaunchScreen.storyboard;
			sourceTree = "<group>";
		};
/* End PBXVariantGroup section */

/* Begin XCBuildConfiguration section */
		BF43631E296C535A00AA20FF /* Debug */ = {
			isa = XCBuildConfiguration;
			buildSettings = {
				ALWAYS_SEARCH_USER_PATHS = NO;
				CLANG_ANALYZER_NONNULL = YES;
				CLANG_ANALYZER_NUMBER_OBJECT_CONVERSION = YES_AGGRESSIVE;
				CLANG_CXX_LANGUAGE_STANDARD = "gnu++20";
				CLANG_ENABLE_MODULES = YES;
				CLANG_ENABLE_OBJC_ARC = YES;
				CLANG_ENABLE_OBJC_WEAK = YES;
				CLANG_WARN_BLOCK_CAPTURE_AUTORELEASING = YES;
				CLANG_WARN_BOOL_CONVERSION = YES;
				CLANG_WARN_COMMA = YES;
				CLANG_WARN_CONSTANT_CONVERSION = YES;
				CLANG_WARN_DEPRECATED_OBJC_IMPLEMENTATIONS = YES;
				CLANG_WARN_DIRECT_OBJC_ISA_USAGE = YES_ERROR;
				CLANG_WARN_DOCUMENTATION_COMMENTS = YES;
				CLANG_WARN_EMPTY_BODY = YES;
				CLANG_WARN_ENUM_CONVERSION = YES;
				CLANG_WARN_INFINITE_RECURSION = YES;
				CLANG_WARN_INT_CONVERSION = YES;
				CLANG_WARN_NON_LITERAL_NULL_CONVERSION = YES;
				CLANG_WARN_OBJC_IMPLICIT_RETAIN_SELF = YES;
				CLANG_WARN_OBJC_LITERAL_CONVERSION = YES;
				CLANG_WARN_OBJC_ROOT_CLASS = YES_ERROR;
				CLANG_WARN_QUOTED_INCLUDE_IN_FRAMEWORK_HEADER = YES;
				CLANG_WARN_RANGE_LOOP_ANALYSIS = YES;
				CLANG_WARN_STRICT_PROTOTYPES = YES;
				CLANG_WARN_SUSPICIOUS_MOVE = YES;
				CLANG_WARN_UNGUARDED_AVAILABILITY = YES_AGGRESSIVE;
				CLANG_WARN_UNREACHABLE_CODE = YES;
				CLANG_WARN__DUPLICATE_METHOD_MATCH = YES;
				COPY_PHASE_STRIP = NO;
				DEBUG_INFORMATION_FORMAT = dwarf;
				ENABLE_STRICT_OBJC_MSGSEND = YES;
				ENABLE_TESTABILITY = YES;
				GCC_C_LANGUAGE_STANDARD = gnu11;
				GCC_DYNAMIC_NO_PIC = NO;
				GCC_NO_COMMON_BLOCKS = YES;
				GCC_OPTIMIZATION_LEVEL = 0;
				GCC_PREPROCESSOR_DEFINITIONS = (
					"DEBUG=1",
					"$(inherited)",
				);
				GCC_WARN_64_TO_32_BIT_CONVERSION = YES;
				GCC_WARN_ABOUT_RETURN_TYPE = YES_ERROR;
				GCC_WARN_UNDECLARED_SELECTOR = YES;
				GCC_WARN_UNINITIALIZED_AUTOS = YES_AGGRESSIVE;
				GCC_WARN_UNUSED_FUNCTION = YES;
				GCC_WARN_UNUSED_VARIABLE = YES;
				IPHONEOS_DEPLOYMENT_TARGET = 16.2;
				MTL_ENABLE_DEBUG_INFO = INCLUDE_SOURCE;
				MTL_FAST_MATH = YES;
				ONLY_ACTIVE_ARCH = YES;
				SDKROOT = iphoneos;
				SWIFT_ACTIVE_COMPILATION_CONDITIONS = DEBUG;
				SWIFT_OPTIMIZATION_LEVEL = "-Onone";
			};
			name = Debug;
		};
		BF43631F296C535A00AA20FF /* Release */ = {
			isa = XCBuildConfiguration;
			buildSettings = {
				ALWAYS_SEARCH_USER_PATHS = NO;
				CLANG_ANALYZER_NONNULL = YES;
				CLANG_ANALYZER_NUMBER_OBJECT_CONVERSION = YES_AGGRESSIVE;
				CLANG_CXX_LANGUAGE_STANDARD = "gnu++20";
				CLANG_ENABLE_MODULES = YES;
				CLANG_ENABLE_OBJC_ARC = YES;
				CLANG_ENABLE_OBJC_WEAK = YES;
				CLANG_WARN_BLOCK_CAPTURE_AUTORELEASING = YES;
				CLANG_WARN_BOOL_CONVERSION = YES;
				CLANG_WARN_COMMA = YES;
				CLANG_WARN_CONSTANT_CONVERSION = YES;
				CLANG_WARN_DEPRECATED_OBJC_IMPLEMENTATIONS = YES;
				CLANG_WARN_DIRECT_OBJC_ISA_USAGE = YES_ERROR;
				CLANG_WARN_DOCUMENTATION_COMMENTS = YES;
				CLANG_WARN_EMPTY_BODY = YES;
				CLANG_WARN_ENUM_CONVERSION = YES;
				CLANG_WARN_INFINITE_RECURSION = YES;
				CLANG_WARN_INT_CONVERSION = YES;
				CLANG_WARN_NON_LITERAL_NULL_CONVERSION = YES;
				CLANG_WARN_OBJC_IMPLICIT_RETAIN_SELF = YES;
				CLANG_WARN_OBJC_LITERAL_CONVERSION = YES;
				CLANG_WARN_OBJC_ROOT_CLASS = YES_ERROR;
				CLANG_WARN_QUOTED_INCLUDE_IN_FRAMEWORK_HEADER = YES;
				CLANG_WARN_RANGE_LOOP_ANALYSIS = YES;
				CLANG_WARN_STRICT_PROTOTYPES = YES;
				CLANG_WARN_SUSPICIOUS_MOVE = YES;
				CLANG_WARN_UNGUARDED_AVAILABILITY = YES_AGGRESSIVE;
				CLANG_WARN_UNREACHABLE_CODE = YES;
				CLANG_WARN__DUPLICATE_METHOD_MATCH = YES;
				COPY_PHASE_STRIP = NO;
				DEBUG_INFORMATION_FORMAT = "dwarf-with-dsym";
				ENABLE_NS_ASSERTIONS = NO;
				ENABLE_STRICT_OBJC_MSGSEND = YES;
				GCC_C_LANGUAGE_STANDARD = gnu11;
				GCC_NO_COMMON_BLOCKS = YES;
				GCC_WARN_64_TO_32_BIT_CONVERSION = YES;
				GCC_WARN_ABOUT_RETURN_TYPE = YES_ERROR;
				GCC_WARN_UNDECLARED_SELECTOR = YES;
				GCC_WARN_UNINITIALIZED_AUTOS = YES_AGGRESSIVE;
				GCC_WARN_UNUSED_FUNCTION = YES;
				GCC_WARN_UNUSED_VARIABLE = YES;
				IPHONEOS_DEPLOYMENT_TARGET = 16.2;
				MTL_ENABLE_DEBUG_INFO = NO;
				MTL_FAST_MATH = YES;
				SDKROOT = iphoneos;
				SWIFT_COMPILATION_MODE = wholemodule;
				SWIFT_OPTIMIZATION_LEVEL = "-O";
				VALIDATE_PRODUCT = YES;
			};
			name = Release;
		};
		BF436321296C535A00AA20FF /* Debug */ = {
			isa = XCBuildConfiguration;
			buildSettings = {
				ASSETCATALOG_COMPILER_APPICON_NAME = AppIcon;
				ASSETCATALOG_COMPILER_GLOBAL_ACCENT_COLOR_NAME = AccentColor;
				CODE_SIGN_STYLE = Automatic;
				CURRENT_PROJECT_VERSION = 1;
				GENERATE_INFOPLIST_FILE = YES;
				INFOPLIST_FILE = ClubRoom/Info.plist;
				INFOPLIST_KEY_UIApplicationSupportsIndirectInputEvents = YES;
				INFOPLIST_KEY_UILaunchStoryboardName = LaunchScreen;
				INFOPLIST_KEY_UIMainStoryboardFile = Main;
				INFOPLIST_KEY_UISupportedInterfaceOrientations_iPad = "UIInterfaceOrientationPortrait UIInterfaceOrientationPortraitUpsideDown UIInterfaceOrientationLandscapeLeft UIInterfaceOrientationLandscapeRight";
				INFOPLIST_KEY_UISupportedInterfaceOrientations_iPhone = "UIInterfaceOrientationPortrait UIInterfaceOrientationLandscapeLeft UIInterfaceOrientationLandscapeRight";
				LD_RUNPATH_SEARCH_PATHS = (
					"$(inherited)",
					"@executable_path/Frameworks",
				);
				MARKETING_VERSION = 1.0;
				PRODUCT_BUNDLE_IDENTIFIER = programming.ClubRoom;
				PRODUCT_NAME = "$(TARGET_NAME)";
				SWIFT_EMIT_LOC_STRINGS = YES;
				SWIFT_VERSION = 5.0;
				TARGETED_DEVICE_FAMILY = "1,2";
			};
			name = Debug;
		};
		BF436322296C535A00AA20FF /* Release */ = {
			isa = XCBuildConfiguration;
			buildSettings = {
				ASSETCATALOG_COMPILER_APPICON_NAME = AppIcon;
				ASSETCATALOG_COMPILER_GLOBAL_ACCENT_COLOR_NAME = AccentColor;
				CODE_SIGN_STYLE = Automatic;
				CURRENT_PROJECT_VERSION = 1;
				GENERATE_INFOPLIST_FILE = YES;
				INFOPLIST_FILE = ClubRoom/Info.plist;
				INFOPLIST_KEY_UIApplicationSupportsIndirectInputEvents = YES;
				INFOPLIST_KEY_UILaunchStoryboardName = LaunchScreen;
				INFOPLIST_KEY_UIMainStoryboardFile = Main;
				INFOPLIST_KEY_UISupportedInterfaceOrientations_iPad = "UIInterfaceOrientationPortrait UIInterfaceOrientationPortraitUpsideDown UIInterfaceOrientationLandscapeLeft UIInterfaceOrientationLandscapeRight";
				INFOPLIST_KEY_UISupportedInterfaceOrientations_iPhone = "UIInterfaceOrientationPortrait UIInterfaceOrientationLandscapeLeft UIInterfaceOrientationLandscapeRight";
				LD_RUNPATH_SEARCH_PATHS = (
					"$(inherited)",
					"@executable_path/Frameworks",
				);
				MARKETING_VERSION = 1.0;
				PRODUCT_BUNDLE_IDENTIFIER = programming.ClubRoom;
				PRODUCT_NAME = "$(TARGET_NAME)";
				SWIFT_EMIT_LOC_STRINGS = YES;
				SWIFT_VERSION = 5.0;
				TARGETED_DEVICE_FAMILY = "1,2";
			};
			name = Release;
		};
/* End XCBuildConfiguration section */

/* Begin XCConfigurationList section */
		BF436307296C535800AA20FF /* Build configuration list for PBXProject "ClubRoom" */ = {
			isa = XCConfigurationList;
			buildConfigurations = (
				BF43631E296C535A00AA20FF /* Debug */,
				BF43631F296C535A00AA20FF /* Release */,
			);
			defaultConfigurationIsVisible = 0;
			defaultConfigurationName = Release;
		};
		BF436320296C535A00AA20FF /* Build configuration list for PBXNativeTarget "ClubRoom" */ = {
			isa = XCConfigurationList;
			buildConfigurations = (
				BF436321296C535A00AA20FF /* Debug */,
				BF436322296C535A00AA20FF /* Release */,
			);
			defaultConfigurationIsVisible = 0;
			defaultConfigurationName = Release;
		};
/* End XCConfigurationList section */
	};
	rootObject = BF436304296C535800AA20FF /* Project object */;
}
